
Microsoft Visual Studio Solution File, Format Version 12.00
# Visual Studio Version 16
VisualStudioVersion = 16.0.30128.74
MinimumVisualStudioVersion = 10.0.40219.1
Project("{FAE04EC0-301F-11D3-BF4B-00C04F79EFBC}") = "Mentorism V 2.0", "Mentorism V 2.0.csproj", "{C323ADD2-9400-4C1B-A9A6-1D9FFBDD67C9}"
EndProject
Project("{2150E333-8FDC-42A3-9474-1A3956D46DE8}") = "Solution Items", "Solution Items", "{BA00D9B7-9D11-468F-B600-4B53E938D300}"
	ProjectSection(SolutionItems) = preProject
		.editorconfig = .editorconfig
	EndProjectSection
EndProject
Project("{54435603-DBB4-11D2-8724-00A0C9A8B90C}") = "Mentorism", "setup\Mentorism\Mentorism.vdproj", "{A5511629-F7B2-411D-9072-ECBF69F8724E}"
EndProject
Global
	GlobalSection(SolutionConfigurationPlatforms) = preSolution
		Debug|Any CPU = Debug|Any CPU
		Release|Any CPU = Release|Any CPU
	EndGlobalSection
	GlobalSection(ProjectConfigurationPlatforms) = postSolution
		{C323ADD2-9400-4C1B-A9A6-1D9FFBDD67C9}.Debug|Any CPU.ActiveCfg = Release|Any CPU
		{C323ADD2-9400-4C1B-A9A6-1D9FFBDD67C9}.Debug|Any CPU.Build.0 = Release|Any CPU
		{C323ADD2-9400-4C1B-A9A6-1D9FFBDD67C9}.Release|Any CPU.ActiveCfg = Release|Any CPU
		{C323ADD2-9400-4C1B-A9A6-1D9FFBDD67C9}.Release|Any CPU.Build.0 = Release|Any CPU
		{A5511629-F7B2-411D-9072-ECBF69F8724E}.Debug|Any CPU.ActiveCfg = Release
		{A5511629-F7B2-411D-9072-ECBF69F8724E}.Debug|Any CPU.Build.0 = Release
		{A5511629-F7B2-411D-9072-ECBF69F8724E}.Release|Any CPU.ActiveCfg = Release
	EndGlobalSection
	GlobalSection(SolutionProperties) = preSolution
		HideSolutionNode = FALSE
	EndGlobalSection
	GlobalSection(ExtensibilityGlobals) = postSolution
		SolutionGuid = {FAFA244B-A85A-45A6-B2AD-9CA9A192A580}
	EndGlobalSection
EndGlobal
